
Microsoft Visual Studio Solution File, Format Version 12.00
# Visual Studio Version 16
VisualStudioVersion = 16.0.31112.23
MinimumVisualStudioVersion = 10.0.40219.1
Project("{FAE04EC0-301F-11D3-BF4B-00C04F79EFBC}") = "LabSintaxis4.8", "LabSintaxis4.8\LabSintaxis4.8.csproj", "{AC5A0CB7-7074-4756-81CC-149DEA598229}"
EndProject
Global
	GlobalSection(SolutionConfigurationPlatforms) = preSolution
		Debug|Any CPU = Debug|Any CPU
		Release|Any CPU = Release|Any CPU
	EndGlobalSection
	GlobalSection(ProjectConfigurationPlatforms) = postSolution
		{AC5A0CB7-7074-4756-81CC-149DEA598229}.Debug|Any CPU.ActiveCfg = Debug|Any CPU
		{AC5A0CB7-7074-4756-81CC-149DEA598229}.Debug|Any CPU.Build.0 = Debug|Any CPU
		{AC5A0CB7-7074-4756-81CC-149DEA598229}.Release|Any CPU.ActiveCfg = Release|Any CPU
		{AC5A0CB7-7074-4756-81CC-149DEA598229}.Release|Any CPU.Build.0 = Release|Any CPU
	EndGlobalSection
	GlobalSection(SolutionProperties) = preSolution
		HideSolutionNode = FALSE
	EndGlobalSection
	GlobalSection(ExtensibilityGlobals) = postSolution
		SolutionGuid = {38FACDEB-4076-49FE-B783-44F56F18080F}
	EndGlobalSection
EndGlobal
