
Microsoft Visual Studio Solution File, Format Version 12.00
# Visual Studio Version 16
VisualStudioVersion = 16.0.31402.337
MinimumVisualStudioVersion = 10.0.40219.1
Project("{FAE04EC0-301F-11D3-BF4B-00C04F79EFBC}") = "Lab2.01TXT-XML", "Lab2.01TXT-XML\Lab2.01TXT-XML.csproj", "{009D0F5D-6584-4763-AF04-F7AF61AEAB22}"
EndProject
Global
	GlobalSection(SolutionConfigurationPlatforms) = preSolution
		Debug|Any CPU = Debug|Any CPU
		Release|Any CPU = Release|Any CPU
	EndGlobalSection
	GlobalSection(ProjectConfigurationPlatforms) = postSolution
		{009D0F5D-6584-4763-AF04-F7AF61AEAB22}.Debug|Any CPU.ActiveCfg = Debug|Any CPU
		{009D0F5D-6584-4763-AF04-F7AF61AEAB22}.Debug|Any CPU.Build.0 = Debug|Any CPU
		{009D0F5D-6584-4763-AF04-F7AF61AEAB22}.Release|Any CPU.ActiveCfg = Release|Any CPU
		{009D0F5D-6584-4763-AF04-F7AF61AEAB22}.Release|Any CPU.Build.0 = Release|Any CPU
	EndGlobalSection
	GlobalSection(SolutionProperties) = preSolution
		HideSolutionNode = FALSE
	EndGlobalSection
	GlobalSection(ExtensibilityGlobals) = postSolution
		SolutionGuid = {BDCF51D1-3CEC-4409-8290-23B73FBE1A95}
	EndGlobalSection
EndGlobal
