
Microsoft Visual Studio Solution File, Format Version 12.00
# Visual Studio Version 16
VisualStudioVersion = 16.0.31402.337
MinimumVisualStudioVersion = 10.0.40219.1
Project("{FAE04EC0-301F-11D3-BF4B-00C04F79EFBC}") = "Lab3-Unid4-Ej4", "Lab3-Unid4-Ej4\Lab3-Unid4-Ej4.csproj", "{EBDA7DF9-BD02-4484-AA4F-35D8832664D4}"
EndProject
Global
	GlobalSection(SolutionConfigurationPlatforms) = preSolution
		Debug|Any CPU = Debug|Any CPU
		Release|Any CPU = Release|Any CPU
	EndGlobalSection
	GlobalSection(ProjectConfigurationPlatforms) = postSolution
		{EBDA7DF9-BD02-4484-AA4F-35D8832664D4}.Debug|Any CPU.ActiveCfg = Debug|Any CPU
		{EBDA7DF9-BD02-4484-AA4F-35D8832664D4}.Debug|Any CPU.Build.0 = Debug|Any CPU
		{EBDA7DF9-BD02-4484-AA4F-35D8832664D4}.Release|Any CPU.ActiveCfg = Release|Any CPU
		{EBDA7DF9-BD02-4484-AA4F-35D8832664D4}.Release|Any CPU.Build.0 = Release|Any CPU
	EndGlobalSection
	GlobalSection(SolutionProperties) = preSolution
		HideSolutionNode = FALSE
	EndGlobalSection
	GlobalSection(ExtensibilityGlobals) = postSolution
		SolutionGuid = {87C9BCDA-E8A9-4EE7-A714-25A5D5E4895D}
	EndGlobalSection
EndGlobal
