
Microsoft Visual Studio Solution File, Format Version 12.00
# Visual Studio Version 16
VisualStudioVersion = 16.0.31112.23
MinimumVisualStudioVersion = 10.0.40219.1
Project("{FAE04EC0-301F-11D3-BF4B-00C04F79EFBC}") = "AcademiaFormModal", "AcademiaFormModal\AcademiaFormModal.csproj", "{A0FB8A7C-E5E7-4A95-A08F-469F641910D8}"
EndProject
Project("{FAE04EC0-301F-11D3-BF4B-00C04F79EFBC}") = "Agenda", "Agenda\Agenda.csproj", "{36652534-2C1D-40DF-A8AE-0158049FBD68}"
EndProject
Global
	GlobalSection(SolutionConfigurationPlatforms) = preSolution
		Debug|Any CPU = Debug|Any CPU
		Release|Any CPU = Release|Any CPU
	EndGlobalSection
	GlobalSection(ProjectConfigurationPlatforms) = postSolution
		{A0FB8A7C-E5E7-4A95-A08F-469F641910D8}.Debug|Any CPU.ActiveCfg = Debug|Any CPU
		{A0FB8A7C-E5E7-4A95-A08F-469F641910D8}.Debug|Any CPU.Build.0 = Debug|Any CPU
		{A0FB8A7C-E5E7-4A95-A08F-469F641910D8}.Release|Any CPU.ActiveCfg = Release|Any CPU
		{A0FB8A7C-E5E7-4A95-A08F-469F641910D8}.Release|Any CPU.Build.0 = Release|Any CPU
		{36652534-2C1D-40DF-A8AE-0158049FBD68}.Debug|Any CPU.ActiveCfg = Debug|Any CPU
		{36652534-2C1D-40DF-A8AE-0158049FBD68}.Debug|Any CPU.Build.0 = Debug|Any CPU
		{36652534-2C1D-40DF-A8AE-0158049FBD68}.Release|Any CPU.ActiveCfg = Release|Any CPU
		{36652534-2C1D-40DF-A8AE-0158049FBD68}.Release|Any CPU.Build.0 = Release|Any CPU
	EndGlobalSection
	GlobalSection(SolutionProperties) = preSolution
		HideSolutionNode = FALSE
	EndGlobalSection
	GlobalSection(ExtensibilityGlobals) = postSolution
		SolutionGuid = {256E35FE-9C82-4ACD-A6E3-56FF78DA9B80}
	EndGlobalSection
EndGlobal
