
Microsoft Visual Studio Solution File, Format Version 12.00
# Visual Studio Version 16
VisualStudioVersion = 16.0.31402.337
MinimumVisualStudioVersion = 10.0.40219.1
Project("{FAE04EC0-301F-11D3-BF4B-00C04F79EFBC}") = "Lab01TXT", "Lab01TXT\Lab01TXT.csproj", "{C0867F86-8D1A-4101-A8A7-FA87A182903E}"
EndProject
Project("{FAE04EC0-301F-11D3-BF4B-00C04F79EFBC}") = "Lab01.1XML", "..\Lab01.1XML\Lab01.1XML.csproj", "{48A9397D-5CC0-446A-A323-D0AA4E5D70A9}"
EndProject
Global
	GlobalSection(SolutionConfigurationPlatforms) = preSolution
		Debug|Any CPU = Debug|Any CPU
		Release|Any CPU = Release|Any CPU
	EndGlobalSection
	GlobalSection(ProjectConfigurationPlatforms) = postSolution
		{C0867F86-8D1A-4101-A8A7-FA87A182903E}.Debug|Any CPU.ActiveCfg = Debug|Any CPU
		{C0867F86-8D1A-4101-A8A7-FA87A182903E}.Debug|Any CPU.Build.0 = Debug|Any CPU
		{C0867F86-8D1A-4101-A8A7-FA87A182903E}.Release|Any CPU.ActiveCfg = Release|Any CPU
		{C0867F86-8D1A-4101-A8A7-FA87A182903E}.Release|Any CPU.Build.0 = Release|Any CPU
		{48A9397D-5CC0-446A-A323-D0AA4E5D70A9}.Debug|Any CPU.ActiveCfg = Debug|Any CPU
		{48A9397D-5CC0-446A-A323-D0AA4E5D70A9}.Debug|Any CPU.Build.0 = Debug|Any CPU
		{48A9397D-5CC0-446A-A323-D0AA4E5D70A9}.Release|Any CPU.ActiveCfg = Release|Any CPU
		{48A9397D-5CC0-446A-A323-D0AA4E5D70A9}.Release|Any CPU.Build.0 = Release|Any CPU
	EndGlobalSection
	GlobalSection(SolutionProperties) = preSolution
		HideSolutionNode = FALSE
	EndGlobalSection
	GlobalSection(ExtensibilityGlobals) = postSolution
		SolutionGuid = {A81961E6-DBC2-434C-846A-ABE9348F6B34}
	EndGlobalSection
EndGlobal
