
Microsoft Visual Studio Solution File, Format Version 12.00
# Visual Studio Version 16
VisualStudioVersion = 16.0.31402.337
MinimumVisualStudioVersion = 10.0.40219.1
Project("{FAE04EC0-301F-11D3-BF4B-00C04F79EFBC}") = "Lab3-Unid4-Ej6", "Lab3-Unid4-Ej6\Lab3-Unid4-Ej6.csproj", "{53A1C4EF-ABF7-45D0-8559-DD7971982BBA}"
EndProject
Global
	GlobalSection(SolutionConfigurationPlatforms) = preSolution
		Debug|Any CPU = Debug|Any CPU
		Release|Any CPU = Release|Any CPU
	EndGlobalSection
	GlobalSection(ProjectConfigurationPlatforms) = postSolution
		{53A1C4EF-ABF7-45D0-8559-DD7971982BBA}.Debug|Any CPU.ActiveCfg = Debug|Any CPU
		{53A1C4EF-ABF7-45D0-8559-DD7971982BBA}.Debug|Any CPU.Build.0 = Debug|Any CPU
		{53A1C4EF-ABF7-45D0-8559-DD7971982BBA}.Release|Any CPU.ActiveCfg = Release|Any CPU
		{53A1C4EF-ABF7-45D0-8559-DD7971982BBA}.Release|Any CPU.Build.0 = Release|Any CPU
	EndGlobalSection
	GlobalSection(SolutionProperties) = preSolution
		HideSolutionNode = FALSE
	EndGlobalSection
	GlobalSection(ExtensibilityGlobals) = postSolution
		SolutionGuid = {ADAFD2F9-742F-4417-BE5B-AC7A631C7607}
	EndGlobalSection
EndGlobal
