
Microsoft Visual Studio Solution File, Format Version 12.00
# Visual Studio Version 16
VisualStudioVersion = 16.0.31112.23
MinimumVisualStudioVersion = 10.0.40219.1
Project("{FAE04EC0-301F-11D3-BF4B-00C04F79EFBC}") = "LabSintaxis4.6", "LabSintaxis4.6\LabSintaxis4.6.csproj", "{19799B16-7594-4AC5-AA35-C4994195AA40}"
EndProject
Global
	GlobalSection(SolutionConfigurationPlatforms) = preSolution
		Debug|Any CPU = Debug|Any CPU
		Release|Any CPU = Release|Any CPU
	EndGlobalSection
	GlobalSection(ProjectConfigurationPlatforms) = postSolution
		{19799B16-7594-4AC5-AA35-C4994195AA40}.Debug|Any CPU.ActiveCfg = Debug|Any CPU
		{19799B16-7594-4AC5-AA35-C4994195AA40}.Debug|Any CPU.Build.0 = Debug|Any CPU
		{19799B16-7594-4AC5-AA35-C4994195AA40}.Release|Any CPU.ActiveCfg = Release|Any CPU
		{19799B16-7594-4AC5-AA35-C4994195AA40}.Release|Any CPU.Build.0 = Release|Any CPU
	EndGlobalSection
	GlobalSection(SolutionProperties) = preSolution
		HideSolutionNode = FALSE
	EndGlobalSection
	GlobalSection(ExtensibilityGlobals) = postSolution
		SolutionGuid = {EFDE5BE0-1C64-4F21-9E8D-154181BB3A1E}
	EndGlobalSection
EndGlobal
