
Microsoft Visual Studio Solution File, Format Version 12.00
# Visual Studio Version 16
VisualStudioVersion = 16.0.31112.23
MinimumVisualStudioVersion = 10.0.40219.1
Project("{FAE04EC0-301F-11D3-BF4B-00C04F79EFBC}") = "LabsLINQ2.3.4", "LabsLINQ2.3.4\LabsLINQ2.3.4.csproj", "{970306B3-2018-4352-9F2B-F41FA9AAB605}"
EndProject
Global
	GlobalSection(SolutionConfigurationPlatforms) = preSolution
		Debug|Any CPU = Debug|Any CPU
		Release|Any CPU = Release|Any CPU
	EndGlobalSection
	GlobalSection(ProjectConfigurationPlatforms) = postSolution
		{970306B3-2018-4352-9F2B-F41FA9AAB605}.Debug|Any CPU.ActiveCfg = Debug|Any CPU
		{970306B3-2018-4352-9F2B-F41FA9AAB605}.Debug|Any CPU.Build.0 = Debug|Any CPU
		{970306B3-2018-4352-9F2B-F41FA9AAB605}.Release|Any CPU.ActiveCfg = Release|Any CPU
		{970306B3-2018-4352-9F2B-F41FA9AAB605}.Release|Any CPU.Build.0 = Release|Any CPU
	EndGlobalSection
	GlobalSection(SolutionProperties) = preSolution
		HideSolutionNode = FALSE
	EndGlobalSection
	GlobalSection(ExtensibilityGlobals) = postSolution
		SolutionGuid = {B1BD9B6E-0898-4C19-8D02-221ECE173865}
	EndGlobalSection
EndGlobal
