
Microsoft Visual Studio Solution File, Format Version 12.00
# Visual Studio Version 16
VisualStudioVersion = 16.0.31112.23
MinimumVisualStudioVersion = 10.0.40219.1
Project("{FAE04EC0-301F-11D3-BF4B-00C04F79EFBC}") = "Util", "Util\Util.csproj", "{D735DF70-BD6E-412F-87CD-A2294562A7D4}"
EndProject
Project("{FAE04EC0-301F-11D3-BF4B-00C04F79EFBC}") = "Console", "Console\Console.csproj", "{5FAB314C-C20C-4735-BDB4-4CE351F08BE9}"
EndProject
Project("{FAE04EC0-301F-11D3-BF4B-00C04F79EFBC}") = "Web", "Web\Web.csproj", "{3240D1D3-EF6E-4F72-9CE0-A72807C1C9AA}"
EndProject
Project("{FAE04EC0-301F-11D3-BF4B-00C04F79EFBC}") = "Windows", "Windows\Windows.csproj", "{40EC419F-D3D2-4C0C-827B-0B936FBB0820}"
EndProject
Global
	GlobalSection(SolutionConfigurationPlatforms) = preSolution
		Debug|Any CPU = Debug|Any CPU
		Release|Any CPU = Release|Any CPU
	EndGlobalSection
	GlobalSection(ProjectConfigurationPlatforms) = postSolution
		{D735DF70-BD6E-412F-87CD-A2294562A7D4}.Debug|Any CPU.ActiveCfg = Debug|Any CPU
		{D735DF70-BD6E-412F-87CD-A2294562A7D4}.Debug|Any CPU.Build.0 = Debug|Any CPU
		{D735DF70-BD6E-412F-87CD-A2294562A7D4}.Release|Any CPU.ActiveCfg = Release|Any CPU
		{D735DF70-BD6E-412F-87CD-A2294562A7D4}.Release|Any CPU.Build.0 = Release|Any CPU
		{5FAB314C-C20C-4735-BDB4-4CE351F08BE9}.Debug|Any CPU.ActiveCfg = Debug|Any CPU
		{5FAB314C-C20C-4735-BDB4-4CE351F08BE9}.Debug|Any CPU.Build.0 = Debug|Any CPU
		{5FAB314C-C20C-4735-BDB4-4CE351F08BE9}.Release|Any CPU.ActiveCfg = Release|Any CPU
		{5FAB314C-C20C-4735-BDB4-4CE351F08BE9}.Release|Any CPU.Build.0 = Release|Any CPU
		{3240D1D3-EF6E-4F72-9CE0-A72807C1C9AA}.Debug|Any CPU.ActiveCfg = Debug|Any CPU
		{3240D1D3-EF6E-4F72-9CE0-A72807C1C9AA}.Debug|Any CPU.Build.0 = Debug|Any CPU
		{3240D1D3-EF6E-4F72-9CE0-A72807C1C9AA}.Release|Any CPU.ActiveCfg = Release|Any CPU
		{3240D1D3-EF6E-4F72-9CE0-A72807C1C9AA}.Release|Any CPU.Build.0 = Release|Any CPU
		{40EC419F-D3D2-4C0C-827B-0B936FBB0820}.Debug|Any CPU.ActiveCfg = Debug|Any CPU
		{40EC419F-D3D2-4C0C-827B-0B936FBB0820}.Debug|Any CPU.Build.0 = Debug|Any CPU
		{40EC419F-D3D2-4C0C-827B-0B936FBB0820}.Release|Any CPU.ActiveCfg = Release|Any CPU
		{40EC419F-D3D2-4C0C-827B-0B936FBB0820}.Release|Any CPU.Build.0 = Release|Any CPU
	EndGlobalSection
	GlobalSection(SolutionProperties) = preSolution
		HideSolutionNode = FALSE
	EndGlobalSection
	GlobalSection(ExtensibilityGlobals) = postSolution
		SolutionGuid = {4CF9D302-24F3-49CE-89EE-313DF804AAD9}
	EndGlobalSection
EndGlobal
