
Microsoft Visual Studio Solution File, Format Version 12.00
# Visual Studio Version 16
VisualStudioVersion = 16.0.31112.23
MinimumVisualStudioVersion = 10.0.40219.1
Project("{FAE04EC0-301F-11D3-BF4B-00C04F79EFBC}") = "LabSintaxis4.4", "LabSintaxis4.4\LabSintaxis4.4.csproj", "{48C771AB-EE41-4938-B182-CC2A71B14561}"
EndProject
Global
	GlobalSection(SolutionConfigurationPlatforms) = preSolution
		Debug|Any CPU = Debug|Any CPU
		Release|Any CPU = Release|Any CPU
	EndGlobalSection
	GlobalSection(ProjectConfigurationPlatforms) = postSolution
		{48C771AB-EE41-4938-B182-CC2A71B14561}.Debug|Any CPU.ActiveCfg = Debug|Any CPU
		{48C771AB-EE41-4938-B182-CC2A71B14561}.Debug|Any CPU.Build.0 = Debug|Any CPU
		{48C771AB-EE41-4938-B182-CC2A71B14561}.Release|Any CPU.ActiveCfg = Release|Any CPU
		{48C771AB-EE41-4938-B182-CC2A71B14561}.Release|Any CPU.Build.0 = Release|Any CPU
	EndGlobalSection
	GlobalSection(SolutionProperties) = preSolution
		HideSolutionNode = FALSE
	EndGlobalSection
	GlobalSection(ExtensibilityGlobals) = postSolution
		SolutionGuid = {B2E22E95-8564-4972-BC20-9BE99404C9BA}
	EndGlobalSection
EndGlobal
