
Microsoft Visual Studio Solution File, Format Version 12.00
# Visual Studio Version 16
VisualStudioVersion = 16.0.31402.337
MinimumVisualStudioVersion = 10.0.40219.1
Project("{FAE04EC0-301F-11D3-BF4B-00C04F79EFBC}") = "LabDataSet-NoTipados", "LabDataSet-NoTipados\LabDataSet-NoTipados.csproj", "{3DBA9CFA-1AFA-4359-9CE1-1432E226976F}"
EndProject
Global
	GlobalSection(SolutionConfigurationPlatforms) = preSolution
		Debug|Any CPU = Debug|Any CPU
		Release|Any CPU = Release|Any CPU
	EndGlobalSection
	GlobalSection(ProjectConfigurationPlatforms) = postSolution
		{3DBA9CFA-1AFA-4359-9CE1-1432E226976F}.Debug|Any CPU.ActiveCfg = Debug|Any CPU
		{3DBA9CFA-1AFA-4359-9CE1-1432E226976F}.Debug|Any CPU.Build.0 = Debug|Any CPU
		{3DBA9CFA-1AFA-4359-9CE1-1432E226976F}.Release|Any CPU.ActiveCfg = Release|Any CPU
		{3DBA9CFA-1AFA-4359-9CE1-1432E226976F}.Release|Any CPU.Build.0 = Release|Any CPU
	EndGlobalSection
	GlobalSection(SolutionProperties) = preSolution
		HideSolutionNode = FALSE
	EndGlobalSection
	GlobalSection(ExtensibilityGlobals) = postSolution
		SolutionGuid = {5778ADFE-5768-4C47-9FA9-91A1320ECB7D}
	EndGlobalSection
EndGlobal
