
Microsoft Visual Studio Solution File, Format Version 12.00
# Visual Studio Version 16
VisualStudioVersion = 16.0.31112.23
MinimumVisualStudioVersion = 10.0.40219.1
Project("{FAE04EC0-301F-11D3-BF4B-00C04F79EFBC}") = "LabSintaxis2", "LabSintaxis2\LabSintaxis2.csproj", "{33ED570E-92BC-4BA0-B492-BE0B26B78A4E}"
EndProject
Project("{FAE04EC0-301F-11D3-BF4B-00C04F79EFBC}") = "LabSintaxis2.2", "..\LabSintaxis2.2\LabSintaxis2.2.csproj", "{8BA1EF5C-06DD-46FC-B344-571309000B33}"
EndProject
Global
	GlobalSection(SolutionConfigurationPlatforms) = preSolution
		Debug|Any CPU = Debug|Any CPU
		Release|Any CPU = Release|Any CPU
	EndGlobalSection
	GlobalSection(ProjectConfigurationPlatforms) = postSolution
		{33ED570E-92BC-4BA0-B492-BE0B26B78A4E}.Debug|Any CPU.ActiveCfg = Debug|Any CPU
		{33ED570E-92BC-4BA0-B492-BE0B26B78A4E}.Debug|Any CPU.Build.0 = Debug|Any CPU
		{33ED570E-92BC-4BA0-B492-BE0B26B78A4E}.Release|Any CPU.ActiveCfg = Release|Any CPU
		{33ED570E-92BC-4BA0-B492-BE0B26B78A4E}.Release|Any CPU.Build.0 = Release|Any CPU
		{8BA1EF5C-06DD-46FC-B344-571309000B33}.Debug|Any CPU.ActiveCfg = Debug|Any CPU
		{8BA1EF5C-06DD-46FC-B344-571309000B33}.Debug|Any CPU.Build.0 = Debug|Any CPU
		{8BA1EF5C-06DD-46FC-B344-571309000B33}.Release|Any CPU.ActiveCfg = Release|Any CPU
		{8BA1EF5C-06DD-46FC-B344-571309000B33}.Release|Any CPU.Build.0 = Release|Any CPU
	EndGlobalSection
	GlobalSection(SolutionProperties) = preSolution
		HideSolutionNode = FALSE
	EndGlobalSection
	GlobalSection(ExtensibilityGlobals) = postSolution
		SolutionGuid = {184C1F9F-6A15-4B72-B1B5-B6C12AA799E1}
	EndGlobalSection
EndGlobal
